
Microsoft Visual Studio Solution File, Format Version 12.00
# Visual Studio Version 17
VisualStudioVersion = 17.9.34622.214
MinimumVisualStudioVersion = 10.0.40219.1
Project("{FAE04EC0-301F-11D3-BF4B-00C04F79EFBC}") = "task8", "task8.csproj", "{408D1921-53A0-41A1-8262-8088F6FD9E15}"
EndProject
Global
	GlobalSection(SolutionConfigurationPlatforms) = preSolution
		Debug|Any CPU = Debug|Any CPU
		Release|Any CPU = Release|Any CPU
	EndGlobalSection
	GlobalSection(ProjectConfigurationPlatforms) = postSolution
		{408D1921-53A0-41A1-8262-8088F6FD9E15}.Debug|Any CPU.ActiveCfg = Debug|Any CPU
		{408D1921-53A0-41A1-8262-8088F6FD9E15}.Debug|Any CPU.Build.0 = Debug|Any CPU
		{408D1921-53A0-41A1-8262-8088F6FD9E15}.Release|Any CPU.ActiveCfg = Release|Any CPU
		{408D1921-53A0-41A1-8262-8088F6FD9E15}.Release|Any CPU.Build.0 = Release|Any CPU
	EndGlobalSection
	GlobalSection(SolutionProperties) = preSolution
		HideSolutionNode = FALSE
	EndGlobalSection
	GlobalSection(ExtensibilityGlobals) = postSolution
		SolutionGuid = {CF199D50-AB29-4909-8985-BD138BE629C0}
	EndGlobalSection
EndGlobal
